
Microsoft Visual Studio Solution File, Format Version 12.00
Project("{FAE04EC0-301F-11D3-BF4B-00C04F79EFBC}") = "Lab6", "Lab6.csproj", "{540AA789-ADC4-45C9-A15E-4E15EF00C47B}"
EndProject
Global
	GlobalSection(SolutionConfigurationPlatforms) = preSolution
		Debug|Any CPU = Debug|Any CPU
		Release|Any CPU = Release|Any CPU
	EndGlobalSection
	GlobalSection(ProjectConfigurationPlatforms) = postSolution
		{540AA789-ADC4-45C9-A15E-4E15EF00C47B}.Debug|Any CPU.ActiveCfg = Debug|Any CPU
		{540AA789-ADC4-45C9-A15E-4E15EF00C47B}.Debug|Any CPU.Build.0 = Debug|Any CPU
		{540AA789-ADC4-45C9-A15E-4E15EF00C47B}.Release|Any CPU.ActiveCfg = Release|Any CPU
		{540AA789-ADC4-45C9-A15E-4E15EF00C47B}.Release|Any CPU.Build.0 = Release|Any CPU
	EndGlobalSection
EndGlobal
